
Microsoft Visual Studio Solution File, Format Version 12.00
# Visual Studio Version 17
VisualStudioVersion = 17.6.33815.320
MinimumVisualStudioVersion = 10.0.40219.1
Project("{888888A0-9F3D-457C-B088-3A5042F75D52}") = "1h42", "1h42\1h42.pyproj", "{5BE753DE-11B6-4B89-A171-7487757CA654}"
EndProject
Global
	GlobalSection(SolutionConfigurationPlatforms) = preSolution
		Debug|Any CPU = Debug|Any CPU
		Release|Any CPU = Release|Any CPU
	EndGlobalSection
	GlobalSection(ProjectConfigurationPlatforms) = postSolution
		{5BE753DE-11B6-4B89-A171-7487757CA654}.Debug|Any CPU.ActiveCfg = Debug|Any CPU
		{5BE753DE-11B6-4B89-A171-7487757CA654}.Release|Any CPU.ActiveCfg = Release|Any CPU
	EndGlobalSection
	GlobalSection(SolutionProperties) = preSolution
		HideSolutionNode = FALSE
	EndGlobalSection
	GlobalSection(ExtensibilityGlobals) = postSolution
		SolutionGuid = {9FBA8E2D-FB81-4F8E-8A12-9F0310E029DD}
	EndGlobalSection
EndGlobal
